
Microsoft Visual Studio Solution File, Format Version 12.00
# Visual Studio Version 17
VisualStudioVersion = 17.9.34622.214
MinimumVisualStudioVersion = 10.0.40219.1
Project("{FAE04EC0-301F-11D3-BF4B-00C04F79EFBC}") = "Kvizkoteka", "Kvizkoteka\Kvizkoteka.csproj", "{05F823B6-7142-4B3F-8049-1FC6C2D92370}"
EndProject
Project("{FAE04EC0-301F-11D3-BF4B-00C04F79EFBC}") = "Klijent", "Klijent\Klijent.csproj", "{37E4071F-3F66-40BE-8DFA-151B4885ACA1}"
EndProject
Project("{FAE04EC0-301F-11D3-BF4B-00C04F79EFBC}") = "Server", "Server\Server.csproj", "{4F1CF796-9920-4D1B-B632-BCDBAC2E91FC}"
EndProject
Global
	GlobalSection(SolutionConfigurationPlatforms) = preSolution
		Debug|Any CPU = Debug|Any CPU
		Release|Any CPU = Release|Any CPU
	EndGlobalSection
	GlobalSection(ProjectConfigurationPlatforms) = postSolution
		{05F823B6-7142-4B3F-8049-1FC6C2D92370}.Debug|Any CPU.ActiveCfg = Debug|Any CPU
		{05F823B6-7142-4B3F-8049-1FC6C2D92370}.Debug|Any CPU.Build.0 = Debug|Any CPU
		{05F823B6-7142-4B3F-8049-1FC6C2D92370}.Release|Any CPU.ActiveCfg = Release|Any CPU
		{05F823B6-7142-4B3F-8049-1FC6C2D92370}.Release|Any CPU.Build.0 = Release|Any CPU
		{37E4071F-3F66-40BE-8DFA-151B4885ACA1}.Debug|Any CPU.ActiveCfg = Debug|Any CPU
		{37E4071F-3F66-40BE-8DFA-151B4885ACA1}.Debug|Any CPU.Build.0 = Debug|Any CPU
		{37E4071F-3F66-40BE-8DFA-151B4885ACA1}.Release|Any CPU.ActiveCfg = Release|Any CPU
		{37E4071F-3F66-40BE-8DFA-151B4885ACA1}.Release|Any CPU.Build.0 = Release|Any CPU
		{4F1CF796-9920-4D1B-B632-BCDBAC2E91FC}.Debug|Any CPU.ActiveCfg = Debug|Any CPU
		{4F1CF796-9920-4D1B-B632-BCDBAC2E91FC}.Debug|Any CPU.Build.0 = Debug|Any CPU
		{4F1CF796-9920-4D1B-B632-BCDBAC2E91FC}.Release|Any CPU.ActiveCfg = Release|Any CPU
		{4F1CF796-9920-4D1B-B632-BCDBAC2E91FC}.Release|Any CPU.Build.0 = Release|Any CPU
	EndGlobalSection
	GlobalSection(SolutionProperties) = preSolution
		HideSolutionNode = FALSE
	EndGlobalSection
	GlobalSection(ExtensibilityGlobals) = postSolution
		SolutionGuid = {EF33F744-B6CD-4ED1-B353-9F054F87F39C}
	EndGlobalSection
EndGlobal
